
Microsoft Visual Studio Solution File, Format Version 12.00
# Visual Studio Version 16
VisualStudioVersion = 16.0.31402.337
MinimumVisualStudioVersion = 10.0.40219.1
Project("{FAE04EC0-301F-11D3-BF4B-00C04F79EFBC}") = "Reverse String Project", "Reverse String Project\Reverse String Project.csproj", "{A2DDEB16-E47D-4CCF-9FB4-F271F272DEE9}"
EndProject
Global
	GlobalSection(SolutionConfigurationPlatforms) = preSolution
		Debug|Any CPU = Debug|Any CPU
		Release|Any CPU = Release|Any CPU
	EndGlobalSection
	GlobalSection(ProjectConfigurationPlatforms) = postSolution
		{A2DDEB16-E47D-4CCF-9FB4-F271F272DEE9}.Debug|Any CPU.ActiveCfg = Debug|Any CPU
		{A2DDEB16-E47D-4CCF-9FB4-F271F272DEE9}.Debug|Any CPU.Build.0 = Debug|Any CPU
		{A2DDEB16-E47D-4CCF-9FB4-F271F272DEE9}.Release|Any CPU.ActiveCfg = Release|Any CPU
		{A2DDEB16-E47D-4CCF-9FB4-F271F272DEE9}.Release|Any CPU.Build.0 = Release|Any CPU
	EndGlobalSection
	GlobalSection(SolutionProperties) = preSolution
		HideSolutionNode = FALSE
	EndGlobalSection
	GlobalSection(ExtensibilityGlobals) = postSolution
		SolutionGuid = {1AB920B8-ABDB-41B7-9FAB-21FAE29A2C5E}
	EndGlobalSection
EndGlobal
